// !$*UTF8*$!
{
	archiveVersion = 1;
	classes = {
	};
	objectVersion = 56;
	objects = {

/* Begin PBXBuildFile section */
		180D8A58296673D8005BDBF0 /* SignUpTermsView.swift in Sources */ = {isa = PBXBuildFile; fileRef = 180D8A57296673D8005BDBF0 /* SignUpTermsView.swift */; };
		180D8A5A29668857005BDBF0 /* FindIdPwView.swift in Sources */ = {isa = PBXBuildFile; fileRef = 180D8A5929668857005BDBF0 /* FindIdPwView.swift */; };
		18FC714429672FEB00E3CED5 /* OtherTryCardView.swift in Sources */ = {isa = PBXBuildFile; fileRef = 18FC714329672FEB00E3CED5 /* OtherTryCardView.swift */; };
		2645958829669FC6007114B7 /* NewMakeMemoryNote.swift in Sources */ = {isa = PBXBuildFile; fileRef = 2645958729669FC6007114B7 /* NewMakeMemoryNote.swift */; };
		2645958A29672E87007114B7 /* StudyAgainView.swift in Sources */ = {isa = PBXBuildFile; fileRef = 2645958929672E87007114B7 /* StudyAgainView.swift */; };
		2645958C29673FB0007114B7 /* GoodJobStampView.swift in Sources */ = {isa = PBXBuildFile; fileRef = 2645958B29673FB0007114B7 /* GoodJobStampView.swift */; };
		2645958E2967431B007114B7 /* TryAgainView.swift in Sources */ = {isa = PBXBuildFile; fileRef = 2645958D2967431B007114B7 /* TryAgainView.swift */; };
		3F20026E29672F2900FCFC3A /* AddListView.swift in Sources */ = {isa = PBXBuildFile; fileRef = 3F20026D29672F2900FCFC3A /* AddListView.swift */; };
		3F20027029672F3100FCFC3A /* AddListRow.swift in Sources */ = {isa = PBXBuildFile; fileRef = 3F20026F29672F3100FCFC3A /* AddListRow.swift */; };
		3F200272296754EB00FCFC3A /* LocalNotification.swift in Sources */ = {isa = PBXBuildFile; fileRef = 3F200271296754EB00FCFC3A /* LocalNotification.swift */; };
		3F2002742967551400FCFC3A /* NotificationManager.swift in Sources */ = {isa = PBXBuildFile; fileRef = 3F2002732967551400FCFC3A /* NotificationManager.swift */; };
		3FF9B3E42966628C00A47C5A /* AddWordView.swift in Sources */ = {isa = PBXBuildFile; fileRef = 3FF9B3E32966628C00A47C5A /* AddWordView.swift */; };
		3FF9B3EB2966ECA400A47C5A /* SwiftUIProgressiveOnboard in Frameworks */ = {isa = PBXBuildFile; productRef = 3FF9B3EA2966ECA400A47C5A /* SwiftUIProgressiveOnboard */; };
		484D65712966987900C56E87 /* MarketViewNoteButton.swift in Sources */ = {isa = PBXBuildFile; fileRef = 484D65702966987900C56E87 /* MarketViewNoteButton.swift */; };
		484D657329669B5F00C56E87 /* MarketViewCategoryButton.swift in Sources */ = {isa = PBXBuildFile; fileRef = 484D657229669B5F00C56E87 /* MarketViewCategoryButton.swift */; };
		484D657529669C7A00C56E87 /* MarketViewSearchBar.swift in Sources */ = {isa = PBXBuildFile; fileRef = 484D657429669C7A00C56E87 /* MarketViewSearchBar.swift */; };
		484D657829669CDE00C56E87 /* MarketViewSheet.swift in Sources */ = {isa = PBXBuildFile; fileRef = 484D657729669CDE00C56E87 /* MarketViewSheet.swift */; };
		484D657A29669E6600C56E87 /* MarketViewAddButton.swift in Sources */ = {isa = PBXBuildFile; fileRef = 484D657929669E6600C56E87 /* MarketViewAddButton.swift */; };
		484D657F296733F900C56E87 /* FaceProgressView.swift in Sources */ = {isa = PBXBuildFile; fileRef = 484D657E296733F900C56E87 /* FaceProgressView.swift */; };
		488F0AA32967E802007EAAC1 /* FirstView.swift in Sources */ = {isa = PBXBuildFile; fileRef = 488F0AA22967E802007EAAC1 /* FirstView.swift */; };
		488F0AA62967E8A1007EAAC1 /* OnBoardingTabView.swift in Sources */ = {isa = PBXBuildFile; fileRef = 488F0AA52967E8A1007EAAC1 /* OnBoardingTabView.swift */; };
		488F0AA82967E8AB007EAAC1 /* OnBoardingView.swift in Sources */ = {isa = PBXBuildFile; fileRef = 488F0AA72967E8AB007EAAC1 /* OnBoardingView.swift */; };
		488F0AAA2967E8BC007EAAC1 /* OnBoardingData.swift in Sources */ = {isa = PBXBuildFile; fileRef = 488F0AA92967E8BC007EAAC1 /* OnBoardingData.swift */; };
		5239182E2967CBA800D76C57 /* PointChargeView.swift in Sources */ = {isa = PBXBuildFile; fileRef = 5239182D2967CBA800D76C57 /* PointChargeView.swift */; };
		5280DDF82967248E00C959CA /* FirstTryCardView.swift in Sources */ = {isa = PBXBuildFile; fileRef = 5280DDF72967248E00C959CA /* FirstTryCardView.swift */; };
		52BCE8D2296690E700A85A1F /* MyMemoryNote.swift in Sources */ = {isa = PBXBuildFile; fileRef = 52BCE8D0296690E700A85A1F /* MyMemoryNote.swift */; };
		52BCE8D62966915700A85A1F /* View+CornerRadius.swift in Sources */ = {isa = PBXBuildFile; fileRef = 52BCE8D52966915700A85A1F /* View+CornerRadius.swift */; };
		52BCE8D82966918100A85A1F /* ColorExtension.swift in Sources */ = {isa = PBXBuildFile; fileRef = 52BCE8D72966918100A85A1F /* ColorExtension.swift */; };
		52BCE8DA2966931100A85A1F /* GoogleService-Info.plist in Resources */ = {isa = PBXBuildFile; fileRef = 52BCE8D92966931100A85A1F /* GoogleService-Info.plist */; };
		52BCE8DD2966936A00A85A1F /* FirebaseAuth in Frameworks */ = {isa = PBXBuildFile; productRef = 52BCE8DC2966936A00A85A1F /* FirebaseAuth */; };
		52BCE8DF2966936A00A85A1F /* FirebaseFirestore in Frameworks */ = {isa = PBXBuildFile; productRef = 52BCE8DE2966936A00A85A1F /* FirebaseFirestore */; };
		52BCE8E12966936A00A85A1F /* FirebaseFirestoreSwift in Frameworks */ = {isa = PBXBuildFile; productRef = 52BCE8E02966936A00A85A1F /* FirebaseFirestoreSwift */; };
		52C222A92977827500181367 /* AuthStore.swift in Sources */ = {isa = PBXBuildFile; fileRef = 52C222A82977827500181367 /* AuthStore.swift */; };
		52C222AB2977828A00181367 /* MyNoteStore.swift in Sources */ = {isa = PBXBuildFile; fileRef = 52C222AA2977828A00181367 /* MyNoteStore.swift */; };
		52C222AE297782EE00181367 /* ReviewStore.swift in Sources */ = {isa = PBXBuildFile; fileRef = 52C222AD297782EE00181367 /* ReviewStore.swift */; };
		52D8F23E2965F2C600755E5A /* MemorizingApp.swift in Sources */ = {isa = PBXBuildFile; fileRef = 52D8F23D2965F2C600755E5A /* MemorizingApp.swift */; };
		52D8F2402965F2C600755E5A /* ContentView.swift in Sources */ = {isa = PBXBuildFile; fileRef = 52D8F23F2965F2C600755E5A /* ContentView.swift */; };
		52D8F2422965F2C800755E5A /* Assets.xcassets in Resources */ = {isa = PBXBuildFile; fileRef = 52D8F2412965F2C800755E5A /* Assets.xcassets */; };
		52D8F2452965F2C800755E5A /* Preview Assets.xcassets in Resources */ = {isa = PBXBuildFile; fileRef = 52D8F2442965F2C800755E5A /* Preview Assets.xcassets */; };
		52D8F2522965F37E00755E5A /* Model.swift in Sources */ = {isa = PBXBuildFile; fileRef = 52D8F2512965F37E00755E5A /* Model.swift */; };
		52D8F2552965F54A00755E5A /* UserStore.swift in Sources */ = {isa = PBXBuildFile; fileRef = 52D8F2542965F54A00755E5A /* UserStore.swift */; };
		52D8F2572965F56300755E5A /* MarketStore.swift in Sources */ = {isa = PBXBuildFile; fileRef = 52D8F2562965F56300755E5A /* MarketStore.swift */; };
		52D8F25A2965F63700755E5A /* WordNotesView.swift in Sources */ = {isa = PBXBuildFile; fileRef = 52D8F2592965F63700755E5A /* WordNotesView.swift */; };
		52D8F25C2965F65B00755E5A /* MarketView.swift in Sources */ = {isa = PBXBuildFile; fileRef = 52D8F25B2965F65B00755E5A /* MarketView.swift */; };
		52D8F25E2965F67C00755E5A /* MyPageView.swift in Sources */ = {isa = PBXBuildFile; fileRef = 52D8F25D2965F67C00755E5A /* MyPageView.swift */; };
		52D8F2622965F72600755E5A /* MainView.swift in Sources */ = {isa = PBXBuildFile; fileRef = 52D8F2612965F72600755E5A /* MainView.swift */; };
		52D8F2642965F75300755E5A /* LoginView.swift in Sources */ = {isa = PBXBuildFile; fileRef = 52D8F2632965F75300755E5A /* LoginView.swift */; };
		52D8F2662965F75F00755E5A /* SignUpView.swift in Sources */ = {isa = PBXBuildFile; fileRef = 52D8F2652965F75F00755E5A /* SignUpView.swift */; };
		52DE9D872966FAFB0037F64A /* ButtonModifier.swift in Sources */ = {isa = PBXBuildFile; fileRef = 52DE9D852966FAFB0037F64A /* ButtonModifier.swift */; };
		52DE9D882966FAFB0037F64A /* TextFieldModifier.swift in Sources */ = {isa = PBXBuildFile; fileRef = 52DE9D862966FAFB0037F64A /* TextFieldModifier.swift */; };
		951F7A3E29669F2B00976337 /* EditUserView.swift in Sources */ = {isa = PBXBuildFile; fileRef = 951F7A3D29669F2B00976337 /* EditUserView.swift */; };
		F203AD1C297533F30047A212 /* .swiftlint.yml in Resources */ = {isa = PBXBuildFile; fileRef = F203AD1B297533F30047A212 /* .swiftlint.yml */; };
		F2BDF9F32967AA9B007BA5DC /* LastTryCardView.swift in Sources */ = {isa = PBXBuildFile; fileRef = F2BDF9F22967AA9B007BA5DC /* LastTryCardView.swift */; };
/* End PBXBuildFile section */

/* Begin PBXFileReference section */
		180D8A57296673D8005BDBF0 /* SignUpTermsView.swift */ = {isa = PBXFileReference; lastKnownFileType = sourcecode.swift; path = SignUpTermsView.swift; sourceTree = "<group>"; };
		180D8A5929668857005BDBF0 /* FindIdPwView.swift */ = {isa = PBXFileReference; lastKnownFileType = sourcecode.swift; path = FindIdPwView.swift; sourceTree = "<group>"; };
		18FC714329672FEB00E3CED5 /* OtherTryCardView.swift */ = {isa = PBXFileReference; lastKnownFileType = sourcecode.swift; path = OtherTryCardView.swift; sourceTree = "<group>"; };
		2645958729669FC6007114B7 /* NewMakeMemoryNote.swift */ = {isa = PBXFileReference; lastKnownFileType = sourcecode.swift; path = NewMakeMemoryNote.swift; sourceTree = "<group>"; };
		2645958929672E87007114B7 /* StudyAgainView.swift */ = {isa = PBXFileReference; lastKnownFileType = sourcecode.swift; path = StudyAgainView.swift; sourceTree = "<group>"; };
		2645958B29673FB0007114B7 /* GoodJobStampView.swift */ = {isa = PBXFileReference; lastKnownFileType = sourcecode.swift; path = GoodJobStampView.swift; sourceTree = "<group>"; };
		2645958D2967431B007114B7 /* TryAgainView.swift */ = {isa = PBXFileReference; lastKnownFileType = sourcecode.swift; path = TryAgainView.swift; sourceTree = "<group>"; };
		3F20026D29672F2900FCFC3A /* AddListView.swift */ = {isa = PBXFileReference; lastKnownFileType = sourcecode.swift; path = AddListView.swift; sourceTree = "<group>"; };
		3F20026F29672F3100FCFC3A /* AddListRow.swift */ = {isa = PBXFileReference; lastKnownFileType = sourcecode.swift; path = AddListRow.swift; sourceTree = "<group>"; };
		3F200271296754EB00FCFC3A /* LocalNotification.swift */ = {isa = PBXFileReference; lastKnownFileType = sourcecode.swift; path = LocalNotification.swift; sourceTree = "<group>"; };
		3F2002732967551400FCFC3A /* NotificationManager.swift */ = {isa = PBXFileReference; lastKnownFileType = sourcecode.swift; path = NotificationManager.swift; sourceTree = "<group>"; };
		3FF9B3E32966628C00A47C5A /* AddWordView.swift */ = {isa = PBXFileReference; lastKnownFileType = sourcecode.swift; path = AddWordView.swift; sourceTree = "<group>"; };
		484D65702966987900C56E87 /* MarketViewNoteButton.swift */ = {isa = PBXFileReference; lastKnownFileType = sourcecode.swift; path = MarketViewNoteButton.swift; sourceTree = "<group>"; };
		484D657229669B5F00C56E87 /* MarketViewCategoryButton.swift */ = {isa = PBXFileReference; lastKnownFileType = sourcecode.swift; path = MarketViewCategoryButton.swift; sourceTree = "<group>"; };
		484D657429669C7A00C56E87 /* MarketViewSearchBar.swift */ = {isa = PBXFileReference; lastKnownFileType = sourcecode.swift; path = MarketViewSearchBar.swift; sourceTree = "<group>"; };
		484D657729669CDE00C56E87 /* MarketViewSheet.swift */ = {isa = PBXFileReference; lastKnownFileType = sourcecode.swift; path = MarketViewSheet.swift; sourceTree = "<group>"; };
		484D657929669E6600C56E87 /* MarketViewAddButton.swift */ = {isa = PBXFileReference; lastKnownFileType = sourcecode.swift; path = MarketViewAddButton.swift; sourceTree = "<group>"; };
		484D657E296733F900C56E87 /* FaceProgressView.swift */ = {isa = PBXFileReference; lastKnownFileType = sourcecode.swift; path = FaceProgressView.swift; sourceTree = "<group>"; };
		488F0AA22967E802007EAAC1 /* FirstView.swift */ = {isa = PBXFileReference; lastKnownFileType = sourcecode.swift; path = FirstView.swift; sourceTree = "<group>"; };
		488F0AA52967E8A1007EAAC1 /* OnBoardingTabView.swift */ = {isa = PBXFileReference; lastKnownFileType = sourcecode.swift; path = OnBoardingTabView.swift; sourceTree = "<group>"; };
		488F0AA72967E8AB007EAAC1 /* OnBoardingView.swift */ = {isa = PBXFileReference; lastKnownFileType = sourcecode.swift; path = OnBoardingView.swift; sourceTree = "<group>"; };
		488F0AA92967E8BC007EAAC1 /* OnBoardingData.swift */ = {isa = PBXFileReference; lastKnownFileType = sourcecode.swift; path = OnBoardingData.swift; sourceTree = "<group>"; };
		5239182D2967CBA800D76C57 /* PointChargeView.swift */ = {isa = PBXFileReference; lastKnownFileType = sourcecode.swift; path = PointChargeView.swift; sourceTree = "<group>"; };
		5280DDF72967248E00C959CA /* FirstTryCardView.swift */ = {isa = PBXFileReference; lastKnownFileType = sourcecode.swift; path = FirstTryCardView.swift; sourceTree = "<group>"; };
		52BCE8D0296690E700A85A1F /* MyMemoryNote.swift */ = {isa = PBXFileReference; fileEncoding = 4; lastKnownFileType = sourcecode.swift; path = MyMemoryNote.swift; sourceTree = "<group>"; };
		52BCE8D52966915700A85A1F /* View+CornerRadius.swift */ = {isa = PBXFileReference; lastKnownFileType = sourcecode.swift; path = "View+CornerRadius.swift"; sourceTree = "<group>"; };
		52BCE8D72966918100A85A1F /* ColorExtension.swift */ = {isa = PBXFileReference; lastKnownFileType = sourcecode.swift; path = ColorExtension.swift; sourceTree = "<group>"; };
		52BCE8D92966931100A85A1F /* GoogleService-Info.plist */ = {isa = PBXFileReference; fileEncoding = 4; lastKnownFileType = text.plist.xml; path = "GoogleService-Info.plist"; sourceTree = "<group>"; };
		52C222A82977827500181367 /* AuthStore.swift */ = {isa = PBXFileReference; lastKnownFileType = sourcecode.swift; path = AuthStore.swift; sourceTree = "<group>"; };
		52C222AA2977828A00181367 /* MyNoteStore.swift */ = {isa = PBXFileReference; lastKnownFileType = sourcecode.swift; path = MyNoteStore.swift; sourceTree = "<group>"; };
		52C222AD297782EE00181367 /* ReviewStore.swift */ = {isa = PBXFileReference; lastKnownFileType = sourcecode.swift; path = ReviewStore.swift; sourceTree = "<group>"; };
		52D8F23A2965F2C600755E5A /* Memorizing.app */ = {isa = PBXFileReference; explicitFileType = wrapper.application; includeInIndex = 0; path = Memorizing.app; sourceTree = BUILT_PRODUCTS_DIR; };
		52D8F23D2965F2C600755E5A /* MemorizingApp.swift */ = {isa = PBXFileReference; lastKnownFileType = sourcecode.swift; path = MemorizingApp.swift; sourceTree = "<group>"; };
		52D8F23F2965F2C600755E5A /* ContentView.swift */ = {isa = PBXFileReference; lastKnownFileType = sourcecode.swift; path = ContentView.swift; sourceTree = "<group>"; };
		52D8F2412965F2C800755E5A /* Assets.xcassets */ = {isa = PBXFileReference; lastKnownFileType = folder.assetcatalog; path = Assets.xcassets; sourceTree = "<group>"; };
		52D8F2442965F2C800755E5A /* Preview Assets.xcassets */ = {isa = PBXFileReference; lastKnownFileType = folder.assetcatalog; path = "Preview Assets.xcassets"; sourceTree = "<group>"; };
		52D8F2512965F37E00755E5A /* Model.swift */ = {isa = PBXFileReference; lastKnownFileType = sourcecode.swift; path = Model.swift; sourceTree = "<group>"; };
		52D8F2542965F54A00755E5A /* UserStore.swift */ = {isa = PBXFileReference; lastKnownFileType = sourcecode.swift; path = UserStore.swift; sourceTree = "<group>"; };
		52D8F2562965F56300755E5A /* MarketStore.swift */ = {isa = PBXFileReference; lastKnownFileType = sourcecode.swift; path = MarketStore.swift; sourceTree = "<group>"; };
		52D8F2592965F63700755E5A /* WordNotesView.swift */ = {isa = PBXFileReference; lastKnownFileType = sourcecode.swift; path = WordNotesView.swift; sourceTree = "<group>"; };
		52D8F25B2965F65B00755E5A /* MarketView.swift */ = {isa = PBXFileReference; lastKnownFileType = sourcecode.swift; path = MarketView.swift; sourceTree = "<group>"; };
		52D8F25D2965F67C00755E5A /* MyPageView.swift */ = {isa = PBXFileReference; lastKnownFileType = sourcecode.swift; path = MyPageView.swift; sourceTree = "<group>"; };
		52D8F2612965F72600755E5A /* MainView.swift */ = {isa = PBXFileReference; lastKnownFileType = sourcecode.swift; path = MainView.swift; sourceTree = "<group>"; };
		52D8F2632965F75300755E5A /* LoginView.swift */ = {isa = PBXFileReference; lastKnownFileType = sourcecode.swift; path = LoginView.swift; sourceTree = "<group>"; };
		52D8F2652965F75F00755E5A /* SignUpView.swift */ = {isa = PBXFileReference; lastKnownFileType = sourcecode.swift; path = SignUpView.swift; sourceTree = "<group>"; };
		52DE9D852966FAFB0037F64A /* ButtonModifier.swift */ = {isa = PBXFileReference; fileEncoding = 4; lastKnownFileType = sourcecode.swift; path = ButtonModifier.swift; sourceTree = "<group>"; };
		52DE9D862966FAFB0037F64A /* TextFieldModifier.swift */ = {isa = PBXFileReference; fileEncoding = 4; lastKnownFileType = sourcecode.swift; path = TextFieldModifier.swift; sourceTree = "<group>"; };
		951F7A3D29669F2B00976337 /* EditUserView.swift */ = {isa = PBXFileReference; lastKnownFileType = sourcecode.swift; path = EditUserView.swift; sourceTree = "<group>"; };
		F203AD1B297533F30047A212 /* .swiftlint.yml */ = {isa = PBXFileReference; lastKnownFileType = text.yaml; path = .swiftlint.yml; sourceTree = "<group>"; };
		F2BDF9F22967AA9B007BA5DC /* LastTryCardView.swift */ = {isa = PBXFileReference; lastKnownFileType = sourcecode.swift; path = LastTryCardView.swift; sourceTree = "<group>"; };
/* End PBXFileReference section */

/* Begin PBXFrameworksBuildPhase section */
		52D8F2372965F2C600755E5A /* Frameworks */ = {
			isa = PBXFrameworksBuildPhase;
			buildActionMask = 2147483647;
			files = (
				52BCE8DD2966936A00A85A1F /* FirebaseAuth in Frameworks */,
				52BCE8DF2966936A00A85A1F /* FirebaseFirestore in Frameworks */,
				3FF9B3EB2966ECA400A47C5A /* SwiftUIProgressiveOnboard in Frameworks */,
				52BCE8E12966936A00A85A1F /* FirebaseFirestoreSwift in Frameworks */,
			);
			runOnlyForDeploymentPostprocessing = 0;
		};
/* End PBXFrameworksBuildPhase section */

/* Begin PBXGroup section */
		3FF9B3E22966625900A47C5A /* WordNoteAddView */ = {
			isa = PBXGroup;
			children = (
				3FF9B3E32966628C00A47C5A /* AddWordView.swift */,
				3F20026D29672F2900FCFC3A /* AddListView.swift */,
				3F20026F29672F3100FCFC3A /* AddListRow.swift */,
			);
			path = WordNoteAddView;
			sourceTree = "<group>";
		};
		488F0AA42967E888007EAAC1 /* OnBoardingView */ = {
			isa = PBXGroup;
			children = (
				488F0AA52967E8A1007EAAC1 /* OnBoardingTabView.swift */,
				488F0AA72967E8AB007EAAC1 /* OnBoardingView.swift */,
				488F0AA92967E8BC007EAAC1 /* OnBoardingData.swift */,
			);
			path = OnBoardingView;
			sourceTree = "<group>";
		};
		5280DDF9296724BF00C959CA /* WordCardViews */ = {
			isa = PBXGroup;
			children = (
				5280DDF72967248E00C959CA /* FirstTryCardView.swift */,
				18FC714329672FEB00E3CED5 /* OtherTryCardView.swift */,
				F2BDF9F22967AA9B007BA5DC /* LastTryCardView.swift */,
			);
			path = WordCardViews;
			sourceTree = "<group>";
		};
		52BCE8D42966912C00A85A1F /* Extension */ = {
			isa = PBXGroup;
			children = (
				52DE9D852966FAFB0037F64A /* ButtonModifier.swift */,
				52DE9D862966FAFB0037F64A /* TextFieldModifier.swift */,
				52BCE8D52966915700A85A1F /* View+CornerRadius.swift */,
				52BCE8D72966918100A85A1F /* ColorExtension.swift */,
			);
			path = Extension;
			sourceTree = "<group>";
		};
		52D8F2312965F2C600755E5A = {
			isa = PBXGroup;
			children = (
				52D8F23C2965F2C600755E5A /* Memorizing */,
				52D8F23B2965F2C600755E5A /* Products */,
			);
			sourceTree = "<group>";
		};
		52D8F23B2965F2C600755E5A /* Products */ = {
			isa = PBXGroup;
			children = (
				52D8F23A2965F2C600755E5A /* Memorizing.app */,
			);
			name = Products;
			sourceTree = "<group>";
		};
		52D8F23C2965F2C600755E5A /* Memorizing */ = {
			isa = PBXGroup;
			children = (
				52BCE8D92966931100A85A1F /* GoogleService-Info.plist */,
				52D8F23D2965F2C600755E5A /* MemorizingApp.swift */,
				52BCE8D42966912C00A85A1F /* Extension */,
				52D8F24D2965F2E500755E5A /* Model */,
				52D8F24C2965F2DA00755E5A /* ViewModel */,
				52D8F24B2965F2D000755E5A /* View */,
				52D8F2412965F2C800755E5A /* Assets.xcassets */,
				52D8F2432965F2C800755E5A /* Preview Content */,
				F203AD1B297533F30047A212 /* .swiftlint.yml */,
			);
			path = Memorizing;
			sourceTree = "<group>";
		};
		52D8F2432965F2C800755E5A /* Preview Content */ = {
			isa = PBXGroup;
			children = (
				52D8F2442965F2C800755E5A /* Preview Assets.xcassets */,
			);
			path = "Preview Content";
			sourceTree = "<group>";
		};
		52D8F24B2965F2D000755E5A /* View */ = {
			isa = PBXGroup;
			children = (
				52D8F23F2965F2C600755E5A /* ContentView.swift */,
				488F0AA22967E802007EAAC1 /* FirstView.swift */,
				52D8F2612965F72600755E5A /* MainView.swift */,
				52D8F24E2965F2F500755E5A /* WordNotesView */,
				52D8F24F2965F30D00755E5A /* MarketView */,
				52D8F2502965F31E00755E5A /* MyPageView */,
				52D8F25F2965F6AE00755E5A /* LoginSignUpView */,
			);
			path = View;
			sourceTree = "<group>";
		};
		52D8F24C2965F2DA00755E5A /* ViewModel */ = {
			isa = PBXGroup;
			children = (
				52D8F2542965F54A00755E5A /* UserStore.swift */,
				52D8F2562965F56300755E5A /* MarketStore.swift */,
				3F2002732967551400FCFC3A /* NotificationManager.swift */,
				52C222A82977827500181367 /* AuthStore.swift */,
				52C222AA2977828A00181367 /* MyNoteStore.swift */,
				52C222AD297782EE00181367 /* ReviewStore.swift */,
			);
			path = ViewModel;
			sourceTree = "<group>";
		};
		52D8F24D2965F2E500755E5A /* Model */ = {
			isa = PBXGroup;
			children = (
				52D8F2512965F37E00755E5A /* Model.swift */,
				3F200271296754EB00FCFC3A /* LocalNotification.swift */,
			);
			path = Model;
			sourceTree = "<group>";
		};
		52D8F24E2965F2F500755E5A /* WordNotesView */ = {
			isa = PBXGroup;
			children = (
				5280DDF9296724BF00C959CA /* WordCardViews */,
				52D8F2592965F63700755E5A /* WordNotesView.swift */,
				2645958729669FC6007114B7 /* NewMakeMemoryNote.swift */,
				52BCE8D0296690E700A85A1F /* MyMemoryNote.swift */,
				2645958929672E87007114B7 /* StudyAgainView.swift */,
				484D657E296733F900C56E87 /* FaceProgressView.swift */,
				2645958B29673FB0007114B7 /* GoodJobStampView.swift */,
				2645958D2967431B007114B7 /* TryAgainView.swift */,
				3FF9B3E22966625900A47C5A /* WordNoteAddView */,
			);
			path = WordNotesView;
			sourceTree = "<group>";
		};
		52D8F24F2965F30D00755E5A /* MarketView */ = {
			isa = PBXGroup;
			children = (
				52D8F25B2965F65B00755E5A /* MarketView.swift */,
				484D657429669C7A00C56E87 /* MarketViewSearchBar.swift */,
				484D65702966987900C56E87 /* MarketViewNoteButton.swift */,
				484D657229669B5F00C56E87 /* MarketViewCategoryButton.swift */,
				484D657729669CDE00C56E87 /* MarketViewSheet.swift */,
				484D657929669E6600C56E87 /* MarketViewAddButton.swift */,
			);
			path = MarketView;
			sourceTree = "<group>";
		};
		52D8F2502965F31E00755E5A /* MyPageView */ = {
			isa = PBXGroup;
			children = (
				52D8F25D2965F67C00755E5A /* MyPageView.swift */,
				951F7A3D29669F2B00976337 /* EditUserView.swift */,
			);
			path = MyPageView;
			sourceTree = "<group>";
		};
		52D8F25F2965F6AE00755E5A /* LoginSignUpView */ = {
			isa = PBXGroup;
			children = (
				488F0AA42967E888007EAAC1 /* OnBoardingView */,
				52D8F2632965F75300755E5A /* LoginView.swift */,
				52D8F2652965F75F00755E5A /* SignUpView.swift */,
				180D8A57296673D8005BDBF0 /* SignUpTermsView.swift */,
				180D8A5929668857005BDBF0 /* FindIdPwView.swift */,
				5239182D2967CBA800D76C57 /* PointChargeView.swift */,
			);
			path = LoginSignUpView;
			sourceTree = "<group>";
		};
/* End PBXGroup section */

/* Begin PBXNativeTarget section */
		52D8F2392965F2C600755E5A /* Memorizing */ = {
			isa = PBXNativeTarget;
			buildConfigurationList = 52D8F2482965F2C800755E5A /* Build configuration list for PBXNativeTarget "Memorizing" */;
			buildPhases = (
				F203AD1A2975334E0047A212 /* SwiftLint Script */,
				52D8F2362965F2C600755E5A /* Sources */,
				52D8F2372965F2C600755E5A /* Frameworks */,
				52D8F2382965F2C600755E5A /* Resources */,
				2CB400EE2976366400088832 /* ShellScript */,
			);
			buildRules = (
			);
			dependencies = (
			);
			name = Memorizing;
			packageProductDependencies = (
				52BCE8DC2966936A00A85A1F /* FirebaseAuth */,
				52BCE8DE2966936A00A85A1F /* FirebaseFirestore */,
				52BCE8E02966936A00A85A1F /* FirebaseFirestoreSwift */,
				3FF9B3EA2966ECA400A47C5A /* SwiftUIProgressiveOnboard */,
			);
			productName = Memorizing;
			productReference = 52D8F23A2965F2C600755E5A /* Memorizing.app */;
			productType = "com.apple.product-type.application";
		};
/* End PBXNativeTarget section */

/* Begin PBXProject section */
		52D8F2322965F2C600755E5A /* Project object */ = {
			isa = PBXProject;
			attributes = {
				BuildIndependentTargetsInParallel = 1;
				LastSwiftUpdateCheck = 1420;
				LastUpgradeCheck = 1420;
				TargetAttributes = {
					52D8F2392965F2C600755E5A = {
						CreatedOnToolsVersion = 14.2;
					};
				};
			};
			buildConfigurationList = 52D8F2352965F2C600755E5A /* Build configuration list for PBXProject "Memorizing" */;
			compatibilityVersion = "Xcode 14.0";
			developmentRegion = en;
			hasScannedForEncodings = 0;
			knownRegions = (
				en,
				Base,
			);
			mainGroup = 52D8F2312965F2C600755E5A;
			packageReferences = (
				52BCE8DB2966936A00A85A1F /* XCRemoteSwiftPackageReference "firebase-ios-sdk" */,
				3FF9B3E92966ECA400A47C5A /* XCRemoteSwiftPackageReference "SwiftUIProgressiveOnboard" */,
			);
			productRefGroup = 52D8F23B2965F2C600755E5A /* Products */;
			projectDirPath = "";
			projectRoot = "";
			targets = (
				52D8F2392965F2C600755E5A /* Memorizing */,
			);
		};
/* End PBXProject section */

/* Begin PBXResourcesBuildPhase section */
		52D8F2382965F2C600755E5A /* Resources */ = {
			isa = PBXResourcesBuildPhase;
			buildActionMask = 2147483647;
			files = (
				F203AD1C297533F30047A212 /* .swiftlint.yml in Resources */,
				52D8F2452965F2C800755E5A /* Preview Assets.xcassets in Resources */,
				52D8F2422965F2C800755E5A /* Assets.xcassets in Resources */,
				52BCE8DA2966931100A85A1F /* GoogleService-Info.plist in Resources */,
			);
			runOnlyForDeploymentPostprocessing = 0;
		};
/* End PBXResourcesBuildPhase section */

/* Begin PBXShellScriptBuildPhase section */
		2CB400EE2976366400088832 /* ShellScript */ = {
			isa = PBXShellScriptBuildPhase;
			buildActionMask = 2147483647;
			files = (
			);
			inputFileListPaths = (
			);
			inputPaths = (
			);
			outputFileListPaths = (
			);
			outputPaths = (
			);
			runOnlyForDeploymentPostprocessing = 0;
			shellPath = /bin/sh;
			shellScript = "# Type a script or drag a script file from your workspace to insert its path.\n";
		};
		F203AD1A2975334E0047A212 /* SwiftLint Script */ = {
			isa = PBXShellScriptBuildPhase;
			alwaysOutOfDate = 1;
			buildActionMask = 2147483647;
			files = (
			);
			inputFileListPaths = (
			);
			inputPaths = (
			);
			name = "SwiftLint Script";
			outputFileListPaths = (
			);
			outputPaths = (
			);
			runOnlyForDeploymentPostprocessing = 0;
			shellPath = /bin/sh;
			shellScript = "export PATH=\"$PATH:/opt/homebrew/bin\"\nif which swiftlint > /dev/null; then\n  swiftlint\nelse\n  echo \"warning: SwiftLint not installed, download from https://github.com/realm/SwiftLint\"\nfi\n";
		};
/* End PBXShellScriptBuildPhase section */

/* Begin PBXSourcesBuildPhase section */
		52D8F2362965F2C600755E5A /* Sources */ = {
			isa = PBXSourcesBuildPhase;
			buildActionMask = 2147483647;
			files = (
				3F200272296754EB00FCFC3A /* LocalNotification.swift in Sources */,
				52C222AE297782EE00181367 /* ReviewStore.swift in Sources */,
				484D657529669C7A00C56E87 /* MarketViewSearchBar.swift in Sources */,
				F2BDF9F32967AA9B007BA5DC /* LastTryCardView.swift in Sources */,
				52BCE8D2296690E700A85A1F /* MyMemoryNote.swift in Sources */,
				2645958829669FC6007114B7 /* NewMakeMemoryNote.swift in Sources */,
				2645958A29672E87007114B7 /* StudyAgainView.swift in Sources */,
				3FF9B3E42966628C00A47C5A /* AddWordView.swift in Sources */,
				488F0AA32967E802007EAAC1 /* FirstView.swift in Sources */,
				180D8A58296673D8005BDBF0 /* SignUpTermsView.swift in Sources */,
				52C222AB2977828A00181367 /* MyNoteStore.swift in Sources */,
				52BCE8D82966918100A85A1F /* ColorExtension.swift in Sources */,
				52D8F2522965F37E00755E5A /* Model.swift in Sources */,
				52BCE8D62966915700A85A1F /* View+CornerRadius.swift in Sources */,
				52D8F25E2965F67C00755E5A /* MyPageView.swift in Sources */,
				52D8F2572965F56300755E5A /* MarketStore.swift in Sources */,
				5239182E2967CBA800D76C57 /* PointChargeView.swift in Sources */,
				2645958C29673FB0007114B7 /* GoodJobStampView.swift in Sources */,
				52C222A92977827500181367 /* AuthStore.swift in Sources */,
				52D8F2402965F2C600755E5A /* ContentView.swift in Sources */,
				18FC714429672FEB00E3CED5 /* OtherTryCardView.swift in Sources */,
				3F20027029672F3100FCFC3A /* AddListRow.swift in Sources */,
				484D657829669CDE00C56E87 /* MarketViewSheet.swift in Sources */,
				180D8A5A29668857005BDBF0 /* FindIdPwView.swift in Sources */,
				5280DDF82967248E00C959CA /* FirstTryCardView.swift in Sources */,
				3F2002742967551400FCFC3A /* NotificationManager.swift in Sources */,
				52D8F2552965F54A00755E5A /* UserStore.swift in Sources */,
				52DE9D872966FAFB0037F64A /* ButtonModifier.swift in Sources */,
				484D657F296733F900C56E87 /* FaceProgressView.swift in Sources */,
				951F7A3E29669F2B00976337 /* EditUserView.swift in Sources */,
				52D8F2662965F75F00755E5A /* SignUpView.swift in Sources */,
				52D8F25A2965F63700755E5A /* WordNotesView.swift in Sources */,
				488F0AA82967E8AB007EAAC1 /* OnBoardingView.swift in Sources */,
				488F0AAA2967E8BC007EAAC1 /* OnBoardingData.swift in Sources */,
				484D657A29669E6600C56E87 /* MarketViewAddButton.swift in Sources */,
				3F20026E29672F2900FCFC3A /* AddListView.swift in Sources */,
				488F0AA62967E8A1007EAAC1 /* OnBoardingTabView.swift in Sources */,
				484D657329669B5F00C56E87 /* MarketViewCategoryButton.swift in Sources */,
				52DE9D882966FAFB0037F64A /* TextFieldModifier.swift in Sources */,
				52D8F23E2965F2C600755E5A /* MemorizingApp.swift in Sources */,
				52D8F2622965F72600755E5A /* MainView.swift in Sources */,
				52D8F2642965F75300755E5A /* LoginView.swift in Sources */,
				2645958E2967431B007114B7 /* TryAgainView.swift in Sources */,
				484D65712966987900C56E87 /* MarketViewNoteButton.swift in Sources */,
				52D8F25C2965F65B00755E5A /* MarketView.swift in Sources */,
			);
			runOnlyForDeploymentPostprocessing = 0;
		};
/* End PBXSourcesBuildPhase section */

/* Begin XCBuildConfiguration section */
		52D8F2462965F2C800755E5A /* Debug */ = {
			isa = XCBuildConfiguration;
			buildSettings = {
				ALWAYS_SEARCH_USER_PATHS = NO;
				CLANG_ANALYZER_NONNULL = YES;
				CLANG_ANALYZER_NUMBER_OBJECT_CONVERSION = YES_AGGRESSIVE;
				CLANG_CXX_LANGUAGE_STANDARD = "gnu++20";
				CLANG_ENABLE_MODULES = YES;
				CLANG_ENABLE_OBJC_ARC = YES;
				CLANG_ENABLE_OBJC_WEAK = YES;
				CLANG_WARN_BLOCK_CAPTURE_AUTORELEASING = YES;
				CLANG_WARN_BOOL_CONVERSION = YES;
				CLANG_WARN_COMMA = YES;
				CLANG_WARN_CONSTANT_CONVERSION = YES;
				CLANG_WARN_DEPRECATED_OBJC_IMPLEMENTATIONS = YES;
				CLANG_WARN_DIRECT_OBJC_ISA_USAGE = YES_ERROR;
				CLANG_WARN_DOCUMENTATION_COMMENTS = YES;
				CLANG_WARN_EMPTY_BODY = YES;
				CLANG_WARN_ENUM_CONVERSION = YES;
				CLANG_WARN_INFINITE_RECURSION = YES;
				CLANG_WARN_INT_CONVERSION = YES;
				CLANG_WARN_NON_LITERAL_NULL_CONVERSION = YES;
				CLANG_WARN_OBJC_IMPLICIT_RETAIN_SELF = YES;
				CLANG_WARN_OBJC_LITERAL_CONVERSION = YES;
				CLANG_WARN_OBJC_ROOT_CLASS = YES_ERROR;
				CLANG_WARN_QUOTED_INCLUDE_IN_FRAMEWORK_HEADER = YES;
				CLANG_WARN_RANGE_LOOP_ANALYSIS = YES;
				CLANG_WARN_STRICT_PROTOTYPES = YES;
				CLANG_WARN_SUSPICIOUS_MOVE = YES;
				CLANG_WARN_UNGUARDED_AVAILABILITY = YES_AGGRESSIVE;
				CLANG_WARN_UNREACHABLE_CODE = YES;
				CLANG_WARN__DUPLICATE_METHOD_MATCH = YES;
				COPY_PHASE_STRIP = NO;
				DEBUG_INFORMATION_FORMAT = dwarf;
				ENABLE_STRICT_OBJC_MSGSEND = YES;
				ENABLE_TESTABILITY = YES;
				GCC_C_LANGUAGE_STANDARD = gnu11;
				GCC_DYNAMIC_NO_PIC = NO;
				GCC_NO_COMMON_BLOCKS = YES;
				GCC_OPTIMIZATION_LEVEL = 0;
				GCC_PREPROCESSOR_DEFINITIONS = (
					"DEBUG=1",
					"$(inherited)",
				);
				GCC_WARN_64_TO_32_BIT_CONVERSION = YES;
				GCC_WARN_ABOUT_RETURN_TYPE = YES_ERROR;
				GCC_WARN_UNDECLARED_SELECTOR = YES;
				GCC_WARN_UNINITIALIZED_AUTOS = YES_AGGRESSIVE;
				GCC_WARN_UNUSED_FUNCTION = YES;
				GCC_WARN_UNUSED_VARIABLE = YES;
				IPHONEOS_DEPLOYMENT_TARGET = 16.2;
				MTL_ENABLE_DEBUG_INFO = INCLUDE_SOURCE;
				MTL_FAST_MATH = YES;
				ONLY_ACTIVE_ARCH = YES;
				SDKROOT = iphoneos;
				SWIFT_ACTIVE_COMPILATION_CONDITIONS = DEBUG;
				SWIFT_OPTIMIZATION_LEVEL = "-Onone";
			};
			name = Debug;
		};
		52D8F2472965F2C800755E5A /* Release */ = {
			isa = XCBuildConfiguration;
			buildSettings = {
				ALWAYS_SEARCH_USER_PATHS = NO;
				CLANG_ANALYZER_NONNULL = YES;
				CLANG_ANALYZER_NUMBER_OBJECT_CONVERSION = YES_AGGRESSIVE;
				CLANG_CXX_LANGUAGE_STANDARD = "gnu++20";
				CLANG_ENABLE_MODULES = YES;
				CLANG_ENABLE_OBJC_ARC = YES;
				CLANG_ENABLE_OBJC_WEAK = YES;
				CLANG_WARN_BLOCK_CAPTURE_AUTORELEASING = YES;
				CLANG_WARN_BOOL_CONVERSION = YES;
				CLANG_WARN_COMMA = YES;
				CLANG_WARN_CONSTANT_CONVERSION = YES;
				CLANG_WARN_DEPRECATED_OBJC_IMPLEMENTATIONS = YES;
				CLANG_WARN_DIRECT_OBJC_ISA_USAGE = YES_ERROR;
				CLANG_WARN_DOCUMENTATION_COMMENTS = YES;
				CLANG_WARN_EMPTY_BODY = YES;
				CLANG_WARN_ENUM_CONVERSION = YES;
				CLANG_WARN_INFINITE_RECURSION = YES;
				CLANG_WARN_INT_CONVERSION = YES;
				CLANG_WARN_NON_LITERAL_NULL_CONVERSION = YES;
				CLANG_WARN_OBJC_IMPLICIT_RETAIN_SELF = YES;
				CLANG_WARN_OBJC_LITERAL_CONVERSION = YES;
				CLANG_WARN_OBJC_ROOT_CLASS = YES_ERROR;
				CLANG_WARN_QUOTED_INCLUDE_IN_FRAMEWORK_HEADER = YES;
				CLANG_WARN_RANGE_LOOP_ANALYSIS = YES;
				CLANG_WARN_STRICT_PROTOTYPES = YES;
				CLANG_WARN_SUSPICIOUS_MOVE = YES;
				CLANG_WARN_UNGUARDED_AVAILABILITY = YES_AGGRESSIVE;
				CLANG_WARN_UNREACHABLE_CODE = YES;
				CLANG_WARN__DUPLICATE_METHOD_MATCH = YES;
				COPY_PHASE_STRIP = NO;
				DEBUG_INFORMATION_FORMAT = "dwarf-with-dsym";
				ENABLE_NS_ASSERTIONS = NO;
				ENABLE_STRICT_OBJC_MSGSEND = YES;
				GCC_C_LANGUAGE_STANDARD = gnu11;
				GCC_NO_COMMON_BLOCKS = YES;
				GCC_WARN_64_TO_32_BIT_CONVERSION = YES;
				GCC_WARN_ABOUT_RETURN_TYPE = YES_ERROR;
				GCC_WARN_UNDECLARED_SELECTOR = YES;
				GCC_WARN_UNINITIALIZED_AUTOS = YES_AGGRESSIVE;
				GCC_WARN_UNUSED_FUNCTION = YES;
				GCC_WARN_UNUSED_VARIABLE = YES;
				IPHONEOS_DEPLOYMENT_TARGET = 16.2;
				MTL_ENABLE_DEBUG_INFO = NO;
				MTL_FAST_MATH = YES;
				SDKROOT = iphoneos;
				SWIFT_COMPILATION_MODE = wholemodule;
				SWIFT_OPTIMIZATION_LEVEL = "-O";
				VALIDATE_PRODUCT = YES;
			};
			name = Release;
		};
		52D8F2492965F2C800755E5A /* Debug */ = {
			isa = XCBuildConfiguration;
			buildSettings = {
				ASSETCATALOG_COMPILER_APPICON_NAME = AppIcon;
				ASSETCATALOG_COMPILER_GLOBAL_ACCENT_COLOR_NAME = AccentColor;
				CODE_SIGN_STYLE = Automatic;
				CURRENT_PROJECT_VERSION = 1;
				DEVELOPMENT_ASSET_PATHS = "\"Memorizing/Preview Content\"";
				DEVELOPMENT_TEAM = 2D266U5CF7;
				ENABLE_PREVIEWS = YES;
				GENERATE_INFOPLIST_FILE = YES;
				INFOPLIST_KEY_UIApplicationSceneManifest_Generation = YES;
				INFOPLIST_KEY_UIApplicationSupportsIndirectInputEvents = YES;
				INFOPLIST_KEY_UILaunchScreen_Generation = YES;
				INFOPLIST_KEY_UISupportedInterfaceOrientations_iPad = "UIInterfaceOrientationPortrait UIInterfaceOrientationPortraitUpsideDown UIInterfaceOrientationLandscapeLeft UIInterfaceOrientationLandscapeRight";
				INFOPLIST_KEY_UISupportedInterfaceOrientations_iPhone = "UIInterfaceOrientationPortrait UIInterfaceOrientationLandscapeLeft UIInterfaceOrientationLandscapeRight";
				IPHONEOS_DEPLOYMENT_TARGET = 16.1;
				LD_RUNPATH_SEARCH_PATHS = (
					"$(inherited)",
					"@executable_path/Frameworks",
				);
				MARKETING_VERSION = 1.0;
				PRODUCT_BUNDLE_IDENTIFIER = com.codelion.Memorizing.JHLee;
				PRODUCT_NAME = "$(TARGET_NAME)";
				SWIFT_EMIT_LOC_STRINGS = YES;
				SWIFT_VERSION = 5.0;
				TARGETED_DEVICE_FAMILY = "1,2";
			};
			name = Debug;
		};
		52D8F24A2965F2C800755E5A /* Release */ = {
			isa = XCBuildConfiguration;
			buildSettings = {
				ASSETCATALOG_COMPILER_APPICON_NAME = AppIcon;
				ASSETCATALOG_COMPILER_GLOBAL_ACCENT_COLOR_NAME = AccentColor;
				CODE_SIGN_STYLE = Automatic;
				CURRENT_PROJECT_VERSION = 1;
				DEVELOPMENT_ASSET_PATHS = "\"Memorizing/Preview Content\"";
				DEVELOPMENT_TEAM = 2D266U5CF7;
				ENABLE_PREVIEWS = YES;
				GENERATE_INFOPLIST_FILE = YES;
				INFOPLIST_KEY_UIApplicationSceneManifest_Generation = YES;
				INFOPLIST_KEY_UIApplicationSupportsIndirectInputEvents = YES;
				INFOPLIST_KEY_UILaunchScreen_Generation = YES;
				INFOPLIST_KEY_UISupportedInterfaceOrientations_iPad = "UIInterfaceOrientationPortrait UIInterfaceOrientationPortraitUpsideDown UIInterfaceOrientationLandscapeLeft UIInterfaceOrientationLandscapeRight";
				INFOPLIST_KEY_UISupportedInterfaceOrientations_iPhone = "UIInterfaceOrientationPortrait UIInterfaceOrientationLandscapeLeft UIInterfaceOrientationLandscapeRight";
				IPHONEOS_DEPLOYMENT_TARGET = 16.1;
				LD_RUNPATH_SEARCH_PATHS = (
					"$(inherited)",
					"@executable_path/Frameworks",
				);
				MARKETING_VERSION = 1.0;
				PRODUCT_BUNDLE_IDENTIFIER = com.codelion.Memorizing.JHLee;
				PRODUCT_NAME = "$(TARGET_NAME)";
				SWIFT_EMIT_LOC_STRINGS = YES;
				SWIFT_VERSION = 5.0;
				TARGETED_DEVICE_FAMILY = "1,2";
			};
			name = Release;
		};
/* End XCBuildConfiguration section */

/* Begin XCConfigurationList section */
		52D8F2352965F2C600755E5A /* Build configuration list for PBXProject "Memorizing" */ = {
			isa = XCConfigurationList;
			buildConfigurations = (
				52D8F2462965F2C800755E5A /* Debug */,
				52D8F2472965F2C800755E5A /* Release */,
			);
			defaultConfigurationIsVisible = 0;
			defaultConfigurationName = Release;
		};
		52D8F2482965F2C800755E5A /* Build configuration list for PBXNativeTarget "Memorizing" */ = {
			isa = XCConfigurationList;
			buildConfigurations = (
				52D8F2492965F2C800755E5A /* Debug */,
				52D8F24A2965F2C800755E5A /* Release */,
			);
			defaultConfigurationIsVisible = 0;
			defaultConfigurationName = Release;
		};
/* End XCConfigurationList section */

/* Begin XCRemoteSwiftPackageReference section */
		3FF9B3E92966ECA400A47C5A /* XCRemoteSwiftPackageReference "SwiftUIProgressiveOnboard" */ = {
			isa = XCRemoteSwiftPackageReference;
			repositoryURL = "https://github.com/muhammedtanriverdi/SwiftUIProgressiveOnboard.git";
			requirement = {
				kind = upToNextMajorVersion;
				minimumVersion = 1.0.0;
			};
		};
		52BCE8DB2966936A00A85A1F /* XCRemoteSwiftPackageReference "firebase-ios-sdk" */ = {
			isa = XCRemoteSwiftPackageReference;
			repositoryURL = "https://github.com/firebase/firebase-ios-sdk";
			requirement = {
				branch = master;
				kind = branch;
			};
		};
/* End XCRemoteSwiftPackageReference section */

/* Begin XCSwiftPackageProductDependency section */
		3FF9B3EA2966ECA400A47C5A /* SwiftUIProgressiveOnboard */ = {
			isa = XCSwiftPackageProductDependency;
			package = 3FF9B3E92966ECA400A47C5A /* XCRemoteSwiftPackageReference "SwiftUIProgressiveOnboard" */;
			productName = SwiftUIProgressiveOnboard;
		};
		52BCE8DC2966936A00A85A1F /* FirebaseAuth */ = {
			isa = XCSwiftPackageProductDependency;
			package = 52BCE8DB2966936A00A85A1F /* XCRemoteSwiftPackageReference "firebase-ios-sdk" */;
			productName = FirebaseAuth;
		};
		52BCE8DE2966936A00A85A1F /* FirebaseFirestore */ = {
			isa = XCSwiftPackageProductDependency;
			package = 52BCE8DB2966936A00A85A1F /* XCRemoteSwiftPackageReference "firebase-ios-sdk" */;
			productName = FirebaseFirestore;
		};
		52BCE8E02966936A00A85A1F /* FirebaseFirestoreSwift */ = {
			isa = XCSwiftPackageProductDependency;
			package = 52BCE8DB2966936A00A85A1F /* XCRemoteSwiftPackageReference "firebase-ios-sdk" */;
			productName = FirebaseFirestoreSwift;
		};
/* End XCSwiftPackageProductDependency section */
	};
	rootObject = 52D8F2322965F2C600755E5A /* Project object */;
}
